// !$*UTF8*$!
{
	archiveVersion = 1;
	classes = {
	};
	objectVersion = 50;
	objects = {

/* Begin PBXBuildFile section */
		65744A8FCDD6ACF3E920047A /* Pods_TestTests.framework in Frameworks */ = {isa = PBXBuildFile; fileRef = B4F41DBD1409572973FD3C58 /* Pods_TestTests.framework */; };
		6CE61C394B8FD027C7FFDC17 /* Pods_Test.framework in Frameworks */ = {isa = PBXBuildFile; fileRef = D72A251A6442921D08681F48 /* Pods_Test.framework */; };
		8536502F213A359600C2BDD7 /* AppDelegate.m in Sources */ = {isa = PBXBuildFile; fileRef = 8536502E213A359600C2BDD7 /* AppDelegate.m */; };
		85365032213A359600C2BDD7 /* ViewController.m in Sources */ = {isa = PBXBuildFile; fileRef = 85365031213A359600C2BDD7 /* ViewController.m */; };
		85365035213A359600C2BDD7 /* Main.storyboard in Resources */ = {isa = PBXBuildFile; fileRef = 85365033213A359600C2BDD7 /* Main.storyboard */; };
		85365037213A359800C2BDD7 /* Assets.xcassets in Resources */ = {isa = PBXBuildFile; fileRef = 85365036213A359800C2BDD7 /* Assets.xcassets */; };
		8536503A213A359800C2BDD7 /* LaunchScreen.storyboard in Resources */ = {isa = PBXBuildFile; fileRef = 85365038213A359800C2BDD7 /* LaunchScreen.storyboard */; };
		8536503D213A359800C2BDD7 /* main.m in Sources */ = {isa = PBXBuildFile; fileRef = 8536503C213A359800C2BDD7 /* main.m */; };
		85365047213A359900C2BDD7 /* TestTests.m in Sources */ = {isa = PBXBuildFile; fileRef = 85365046213A359900C2BDD7 /* TestTests.m */; };
		85365052213A359900C2BDD7 /* TestUITests.m in Sources */ = {isa = PBXBuildFile; fileRef = 85365051213A359900C2BDD7 /* TestUITests.m */; };
		B9FB499F9FF743A4DC3DD31F /* Pods_TestUITests.framework in Frameworks */ = {isa = PBXBuildFile; fileRef = CBA378A2DFDC63858CFB05CF /* Pods_TestUITests.framework */; };
/* End PBXBuildFile section */

/* Begin PBXContainerItemProxy section */
		85365043213A359900C2BDD7 /* PBXContainerItemProxy */ = {
			isa = PBXContainerItemProxy;
			containerPortal = 85365022213A359600C2BDD7 /* Project object */;
			proxyType = 1;
			remoteGlobalIDString = 85365029213A359600C2BDD7;
			remoteInfo = Test;
		};
		8536504E213A359900C2BDD7 /* PBXContainerItemProxy */ = {
			isa = PBXContainerItemProxy;
			containerPortal = 85365022213A359600C2BDD7 /* Project object */;
			proxyType = 1;
			remoteGlobalIDString = 85365029213A359600C2BDD7;
			remoteInfo = Test;
		};
/* End PBXContainerItemProxy section */

/* Begin PBXFileReference section */
		066F222D9995C8292DAF67B2 /* Pods-TestTests.release.xcconfig */ = {isa = PBXFileReference; includeInIndex = 1; lastKnownFileType = text.xcconfig; name = "Pods-TestTests.release.xcconfig"; path = "Pods/Target Support Files/Pods-TestTests/Pods-TestTests.release.xcconfig"; sourceTree = "<group>"; };
		2C2D7B1A67551D1CE88F5BA5 /* Pods-TestUITests.release.xcconfig */ = {isa = PBXFileReference; includeInIndex = 1; lastKnownFileType = text.xcconfig; name = "Pods-TestUITests.release.xcconfig"; path = "Pods/Target Support Files/Pods-TestUITests/Pods-TestUITests.release.xcconfig"; sourceTree = "<group>"; };
		6D20ABDB8FAA345C2C0C1A2E /* Pods-TestTests.debug.xcconfig */ = {isa = PBXFileReference; includeInIndex = 1; lastKnownFileType = text.xcconfig; name = "Pods-TestTests.debug.xcconfig"; path = "Pods/Target Support Files/Pods-TestTests/Pods-TestTests.debug.xcconfig"; sourceTree = "<group>"; };
		7676B3E752F8E05540FC9594 /* Pods-TestUITests.debug.xcconfig */ = {isa = PBXFileReference; includeInIndex = 1; lastKnownFileType = text.xcconfig; name = "Pods-TestUITests.debug.xcconfig"; path = "Pods/Target Support Files/Pods-TestUITests/Pods-TestUITests.debug.xcconfig"; sourceTree = "<group>"; };
		8536502A213A359600C2BDD7 /* Test.app */ = {isa = PBXFileReference; explicitFileType = wrapper.application; includeInIndex = 0; path = Test.app; sourceTree = BUILT_PRODUCTS_DIR; };
		8536502D213A359600C2BDD7 /* AppDelegate.h */ = {isa = PBXFileReference; lastKnownFileType = sourcecode.c.h; path = AppDelegate.h; sourceTree = "<group>"; };
		8536502E213A359600C2BDD7 /* AppDelegate.m */ = {isa = PBXFileReference; lastKnownFileType = sourcecode.c.objc; path = AppDelegate.m; sourceTree = "<group>"; };
		85365030213A359600C2BDD7 /* ViewController.h */ = {isa = PBXFileReference; lastKnownFileType = sourcecode.c.h; path = ViewController.h; sourceTree = "<group>"; };
		85365031213A359600C2BDD7 /* ViewController.m */ = {isa = PBXFileReference; lastKnownFileType = sourcecode.c.objc; path = ViewController.m; sourceTree = "<group>"; };
		85365034213A359600C2BDD7 /* Base */ = {isa = PBXFileReference; lastKnownFileType = file.storyboard; name = Base; path = Base.lproj/Main.storyboard; sourceTree = "<group>"; };
		85365036213A359800C2BDD7 /* Assets.xcassets */ = {isa = PBXFileReference; lastKnownFileType = folder.assetcatalog; path = Assets.xcassets; sourceTree = "<group>"; };
		85365039213A359800C2BDD7 /* Base */ = {isa = PBXFileReference; lastKnownFileType = file.storyboard; name = Base; path = Base.lproj/LaunchScreen.storyboard; sourceTree = "<group>"; };
		8536503B213A359800C2BDD7 /* Info.plist */ = {isa = PBXFileReference; lastKnownFileType = text.plist.xml; path = Info.plist; sourceTree = "<group>"; };
		8536503C213A359800C2BDD7 /* main.m */ = {isa = PBXFileReference; lastKnownFileType = sourcecode.c.objc; path = main.m; sourceTree = "<group>"; };
		85365042213A359900C2BDD7 /* TestTests.xctest */ = {isa = PBXFileReference; explicitFileType = wrapper.cfbundle; includeInIndex = 0; path = TestTests.xctest; sourceTree = BUILT_PRODUCTS_DIR; };
		85365046213A359900C2BDD7 /* TestTests.m */ = {isa = PBXFileReference; lastKnownFileType = sourcecode.c.objc; path = TestTests.m; sourceTree = "<group>"; };
		85365048213A359900C2BDD7 /* Info.plist */ = {isa = PBXFileReference; lastKnownFileType = text.plist.xml; path = Info.plist; sourceTree = "<group>"; };
		8536504D213A359900C2BDD7 /* TestUITests.xctest */ = {isa = PBXFileReference; explicitFileType = wrapper.cfbundle; includeInIndex = 0; path = TestUITests.xctest; sourceTree = BUILT_PRODUCTS_DIR; };
		85365051213A359900C2BDD7 /* TestUITests.m */ = {isa = PBXFileReference; lastKnownFileType = sourcecode.c.objc; path = TestUITests.m; sourceTree = "<group>"; };
		85365053213A359900C2BDD7 /* Info.plist */ = {isa = PBXFileReference; lastKnownFileType = text.plist.xml; path = Info.plist; sourceTree = "<group>"; };
		AA495DE6552836EBB5EDD75A /* Pods-Test.debug.xcconfig */ = {isa = PBXFileReference; includeInIndex = 1; lastKnownFileType = text.xcconfig; name = "Pods-Test.debug.xcconfig"; path = "Pods/Target Support Files/Pods-Test/Pods-Test.debug.xcconfig"; sourceTree = "<group>"; };
		B4F41DBD1409572973FD3C58 /* Pods_TestTests.framework */ = {isa = PBXFileReference; explicitFileType = wrapper.framework; includeInIndex = 0; path = Pods_TestTests.framework; sourceTree = BUILT_PRODUCTS_DIR; };
		C1B2193A666C89BA18D283B8 /* Pods-Test.release.xcconfig */ = {isa = PBXFileReference; includeInIndex = 1; lastKnownFileType = text.xcconfig; name = "Pods-Test.release.xcconfig"; path = "Pods/Target Support Files/Pods-Test/Pods-Test.release.xcconfig"; sourceTree = "<group>"; };
		CBA378A2DFDC63858CFB05CF /* Pods_TestUITests.framework */ = {isa = PBXFileReference; explicitFileType = wrapper.framework; includeInIndex = 0; path = Pods_TestUITests.framework; sourceTree = BUILT_PRODUCTS_DIR; };
		D72A251A6442921D08681F48 /* Pods_Test.framework */ = {isa = PBXFileReference; explicitFileType = wrapper.framework; includeInIndex = 0; path = Pods_Test.framework; sourceTree = BUILT_PRODUCTS_DIR; };
/* End PBXFileReference section */

/* Begin PBXFrameworksBuildPhase section */
		85365027213A359600C2BDD7 /* Frameworks */ = {
			isa = PBXFrameworksBuildPhase;
			buildActionMask = 2147483647;
			files = (
				6CE61C394B8FD027C7FFDC17 /* Pods_Test.framework in Frameworks */,
			);
			runOnlyForDeploymentPostprocessing = 0;
		};
		8536503F213A359900C2BDD7 /* Frameworks */ = {
			isa = PBXFrameworksBuildPhase;
			buildActionMask = 2147483647;
			files = (
				65744A8FCDD6ACF3E920047A /* Pods_TestTests.framework in Frameworks */,
			);
			runOnlyForDeploymentPostprocessing = 0;
		};
		8536504A213A359900C2BDD7 /* Frameworks */ = {
			isa = PBXFrameworksBuildPhase;
			buildActionMask = 2147483647;
			files = (
				B9FB499F9FF743A4DC3DD31F /* Pods_TestUITests.framework in Frameworks */,
			);
			runOnlyForDeploymentPostprocessing = 0;
		};
/* End PBXFrameworksBuildPhase section */

/* Begin PBXGroup section */
		85365021213A359600C2BDD7 = {
			isa = PBXGroup;
			children = (
				8536502C213A359600C2BDD7 /* Test */,
				85365045213A359900C2BDD7 /* TestTests */,
				85365050213A359900C2BDD7 /* TestUITests */,
				8536502B213A359600C2BDD7 /* Products */,
				F48240667572B999B40AC0F8 /* Pods */,
				F537828B26FD952272056319 /* Frameworks */,
			);
			sourceTree = "<group>";
		};
		8536502B213A359600C2BDD7 /* Products */ = {
			isa = PBXGroup;
			children = (
				8536502A213A359600C2BDD7 /* Test.app */,
				85365042213A359900C2BDD7 /* TestTests.xctest */,
				8536504D213A359900C2BDD7 /* TestUITests.xctest */,
			);
			name = Products;
			sourceTree = "<group>";
		};
		8536502C213A359600C2BDD7 /* Test */ = {
			isa = PBXGroup;
			children = (
				8536502D213A359600C2BDD7 /* AppDelegate.h */,
				8536502E213A359600C2BDD7 /* AppDelegate.m */,
				85365030213A359600C2BDD7 /* ViewController.h */,
				85365031213A359600C2BDD7 /* ViewController.m */,
				85365033213A359600C2BDD7 /* Main.storyboard */,
				85365036213A359800C2BDD7 /* Assets.xcassets */,
				85365038213A359800C2BDD7 /* LaunchScreen.storyboard */,
				8536503B213A359800C2BDD7 /* Info.plist */,
				8536503C213A359800C2BDD7 /* main.m */,
			);
			path = Test;
			sourceTree = "<group>";
		};
		85365045213A359900C2BDD7 /* TestTests */ = {
			isa = PBXGroup;
			children = (
				85365046213A359900C2BDD7 /* TestTests.m */,
				85365048213A359900C2BDD7 /* Info.plist */,
			);
			path = TestTests;
			sourceTree = "<group>";
		};
		85365050213A359900C2BDD7 /* TestUITests */ = {
			isa = PBXGroup;
			children = (
				85365051213A359900C2BDD7 /* TestUITests.m */,
				85365053213A359900C2BDD7 /* Info.plist */,
			);
			path = TestUITests;
			sourceTree = "<group>";
		};
		F48240667572B999B40AC0F8 /* Pods */ = {
			isa = PBXGroup;
			children = (
				AA495DE6552836EBB5EDD75A /* Pods-Test.debug.xcconfig */,
				C1B2193A666C89BA18D283B8 /* Pods-Test.release.xcconfig */,
				6D20ABDB8FAA345C2C0C1A2E /* Pods-TestTests.debug.xcconfig */,
				066F222D9995C8292DAF67B2 /* Pods-TestTests.release.xcconfig */,
				7676B3E752F8E05540FC9594 /* Pods-TestUITests.debug.xcconfig */,
				2C2D7B1A67551D1CE88F5BA5 /* Pods-TestUITests.release.xcconfig */,
			);
			name = Pods;
			sourceTree = "<group>";
		};
		F537828B26FD952272056319 /* Frameworks */ = {
			isa = PBXGroup;
			children = (
				D72A251A6442921D08681F48 /* Pods_Test.framework */,
				B4F41DBD1409572973FD3C58 /* Pods_TestTests.framework */,
				CBA378A2DFDC63858CFB05CF /* Pods_TestUITests.framework */,
			);
			name = Frameworks;
			sourceTree = "<group>";
		};
/* End PBXGroup section */

/* Begin PBXNativeTarget section */
		85365029213A359600C2BDD7 /* Test */ = {
			isa = PBXNativeTarget;
			buildConfigurationList = 85365056213A359900C2BDD7 /* Build configuration list for PBXNativeTarget "Test" */;
			buildPhases = (
				721552954043387967927559 /* [CP] Check Pods Manifest.lock */,
				85365026213A359600C2BDD7 /* Sources */,
				85365027213A359600C2BDD7 /* Frameworks */,
				85365028213A359600C2BDD7 /* Resources */,
				2B8C3C1CD9805C2C96891242 /* [CP] Embed Pods Frameworks */,
			);
			buildRules = (
			);
			dependencies = (
			);
			name = Test;
			productName = Test;
			productReference = 8536502A213A359600C2BDD7 /* Test.app */;
			productType = "com.apple.product-type.application";
		};
		85365041213A359900C2BDD7 /* TestTests */ = {
			isa = PBXNativeTarget;
			buildConfigurationList = 85365059213A359900C2BDD7 /* Build configuration list for PBXNativeTarget "TestTests" */;
			buildPhases = (
				90C5DD7E2562B54181980814 /* [CP] Check Pods Manifest.lock */,
				8536503E213A359900C2BDD7 /* Sources */,
				8536503F213A359900C2BDD7 /* Frameworks */,
				85365040213A359900C2BDD7 /* Resources */,
			);
			buildRules = (
			);
			dependencies = (
				85365044213A359900C2BDD7 /* PBXTargetDependency */,
			);
			name = TestTests;
			productName = TestTests;
			productReference = 85365042213A359900C2BDD7 /* TestTests.xctest */;
			productType = "com.apple.product-type.bundle.unit-test";
		};
		8536504C213A359900C2BDD7 /* TestUITests */ = {
			isa = PBXNativeTarget;
			buildConfigurationList = 8536505C213A359900C2BDD7 /* Build configuration list for PBXNativeTarget "TestUITests" */;
			buildPhases = (
				0F37FFB0ACBB7CC8C44EE307 /* [CP] Check Pods Manifest.lock */,
				85365049213A359900C2BDD7 /* Sources */,
				8536504A213A359900C2BDD7 /* Frameworks */,
				8536504B213A359900C2BDD7 /* Resources */,
			);
			buildRules = (
			);
			dependencies = (
				8536504F213A359900C2BDD7 /* PBXTargetDependency */,
			);
			name = TestUITests;
			productName = TestUITests;
			productReference = 8536504D213A359900C2BDD7 /* TestUITests.xctest */;
			productType = "com.apple.product-type.bundle.ui-testing";
		};
/* End PBXNativeTarget section */

/* Begin PBXProject section */
		85365022213A359600C2BDD7 /* Project object */ = {
			isa = PBXProject;
			attributes = {
				LastUpgradeCheck = 0940;
				ORGANIZATIONNAME = "伍世银";
				TargetAttributes = {
					85365029213A359600C2BDD7 = {
						CreatedOnToolsVersion = 9.4.1;
					};
					85365041213A359900C2BDD7 = {
						CreatedOnToolsVersion = 9.4.1;
						TestTargetID = 85365029213A359600C2BDD7;
					};
					8536504C213A359900C2BDD7 = {
						CreatedOnToolsVersion = 9.4.1;
						TestTargetID = 85365029213A359600C2BDD7;
					};
				};
			};
			buildConfigurationList = 85365025213A359600C2BDD7 /* Build configuration list for PBXProject "Test" */;
			compatibilityVersion = "Xcode 9.3";
			developmentRegion = en;
			hasScannedForEncodings = 0;
			knownRegions = (
				en,
				Base,
			);
			mainGroup = 85365021213A359600C2BDD7;
			productRefGroup = 8536502B213A359600C2BDD7 /* Products */;
			projectDirPath = "";
			projectRoot = "";
			targets = (
				85365029213A359600C2BDD7 /* Test */,
				85365041213A359900C2BDD7 /* TestTests */,
				8536504C213A359900C2BDD7 /* TestUITests */,
			);
		};
/* End PBXProject section */

/* Begin PBXResourcesBuildPhase section */
		85365028213A359600C2BDD7 /* Resources */ = {
			isa = PBXResourcesBuildPhase;
			buildActionMask = 2147483647;
			files = (
				8536503A213A359800C2BDD7 /* LaunchScreen.storyboard in Resources */,
				85365037213A359800C2BDD7 /* Assets.xcassets in Resources */,
				85365035213A359600C2BDD7 /* Main.storyboard in Resources */,
			);
			runOnlyForDeploymentPostprocessing = 0;
		};
		85365040213A359900C2BDD7 /* Resources */ = {
			isa = PBXResourcesBuildPhase;
			buildActionMask = 2147483647;
			files = (
			);
			runOnlyForDeploymentPostprocessing = 0;
		};
		8536504B213A359900C2BDD7 /* Resources */ = {
			isa = PBXResourcesBuildPhase;
			buildActionMask = 2147483647;
			files = (
			);
			runOnlyForDeploymentPostprocessing = 0;
		};
/* End PBXResourcesBuildPhase section */

/* Begin PBXShellScriptBuildPhase section */
		0F37FFB0ACBB7CC8C44EE307 /* [CP] Check Pods Manifest.lock */ = {
			isa = PBXShellScriptBuildPhase;
			buildActionMask = 2147483647;
			files = (
			);
			inputPaths = (
				"${PODS_PODFILE_DIR_PATH}/Podfile.lock",
				"${PODS_ROOT}/Manifest.lock",
			);
			name = "[CP] Check Pods Manifest.lock";
			outputPaths = (
				"$(DERIVED_FILE_DIR)/Pods-TestUITests-checkManifestLockResult.txt",
			);
			runOnlyForDeploymentPostprocessing = 0;
			shellPath = /bin/sh;
			shellScript = "diff \"${PODS_PODFILE_DIR_PATH}/Podfile.lock\" \"${PODS_ROOT}/Manifest.lock\" > /dev/null\nif [ $? != 0 ] ; then\n    # print error to STDERR\n    echo \"error: The sandbox is not in sync with the Podfile.lock. Run 'pod install' or update your CocoaPods installation.\" >&2\n    exit 1\nfi\n# This output is used by Xcode 'outputs' to avoid re-running this script phase.\necho \"SUCCESS\" > \"${SCRIPT_OUTPUT_FILE_0}\"\n";
			showEnvVarsInLog = 0;
		};
		2B8C3C1CD9805C2C96891242 /* [CP] Embed Pods Frameworks */ = {
			isa = PBXShellScriptBuildPhase;
			buildActionMask = 2147483647;
			files = (
			);
			inputPaths = (
				"${SRCROOT}/Pods/Target Support Files/Pods-Test/Pods-Test-frameworks.sh",
				"${BUILT_PRODUCTS_DIR}/AFNetworking/AFNetworking.framework",
				"${BUILT_PRODUCTS_DIR}/HXPhotoPicker/HXPhotoPicker.framework",
				"${BUILT_PRODUCTS_DIR}/IQKeyboardManager/IQKeyboardManager.framework",
				"${BUILT_PRODUCTS_DIR}/MJRefresh/MJRefresh.framework",
				"${BUILT_PRODUCTS_DIR}/Masonry/Masonry.framework",
				"${BUILT_PRODUCTS_DIR}/ReactiveObjC/ReactiveObjC.framework",
				"${BUILT_PRODUCTS_DIR}/SDWebImage/SDWebImage.framework",
			);
			name = "[CP] Embed Pods Frameworks";
			outputPaths = (
				"${TARGET_BUILD_DIR}/${FRAMEWORKS_FOLDER_PATH}/AFNetworking.framework",
				"${TARGET_BUILD_DIR}/${FRAMEWORKS_FOLDER_PATH}/HXPhotoPicker.framework",
				"${TARGET_BUILD_DIR}/${FRAMEWORKS_FOLDER_PATH}/IQKeyboardManager.framework",
				"${TARGET_BUILD_DIR}/${FRAMEWORKS_FOLDER_PATH}/MJRefresh.framework",
				"${TARGET_BUILD_DIR}/${FRAMEWORKS_FOLDER_PATH}/Masonry.framework",
				"${TARGET_BUILD_DIR}/${FRAMEWORKS_FOLDER_PATH}/ReactiveObjC.framework",
				"${TARGET_BUILD_DIR}/${FRAMEWORKS_FOLDER_PATH}/SDWebImage.framework",
			);
			runOnlyForDeploymentPostprocessing = 0;
			shellPath = /bin/sh;
			shellScript = "\"${SRCROOT}/Pods/Target Support Files/Pods-Test/Pods-Test-frameworks.sh\"\n";
			showEnvVarsInLog = 0;
		};
		721552954043387967927559 /* [CP] Check Pods Manifest.lock */ = {
			isa = PBXShellScriptBuildPhase;
			buildActionMask = 2147483647;
			files = (
			);
			inputPaths = (
				"${PODS_PODFILE_DIR_PATH}/Podfile.lock",
				"${PODS_ROOT}/Manifest.lock",
			);
			name = "[CP] Check Pods Manifest.lock";
			outputPaths = (
				"$(DERIVED_FILE_DIR)/Pods-Test-checkManifestLockResult.txt",
			);
			runOnlyForDeploymentPostprocessing = 0;
			shellPath = /bin/sh;
			shellScript = "diff \"${PODS_PODFILE_DIR_PATH}/Podfile.lock\" \"${PODS_ROOT}/Manifest.lock\" > /dev/null\nif [ $? != 0 ] ; then\n    # print error to STDERR\n    echo \"error: The sandbox is not in sync with the Podfile.lock. Run 'pod install' or update your CocoaPods installation.\" >&2\n    exit 1\nfi\n# This output is used by Xcode 'outputs' to avoid re-running this script phase.\necho \"SUCCESS\" > \"${SCRIPT_OUTPUT_FILE_0}\"\n";
			showEnvVarsInLog = 0;
		};
		90C5DD7E2562B54181980814 /* [CP] Check Pods Manifest.lock */ = {
			isa = PBXShellScriptBuildPhase;
			buildActionMask = 2147483647;
			files = (
			);
			inputPaths = (
				"${PODS_PODFILE_DIR_PATH}/Podfile.lock",
				"${PODS_ROOT}/Manifest.lock",
			);
			name = "[CP] Check Pods Manifest.lock";
			outputPaths = (
				"$(DERIVED_FILE_DIR)/Pods-TestTests-checkManifestLockResult.txt",
			);
			runOnlyForDeploymentPostprocessing = 0;
			shellPath = /bin/sh;
			shellScript = "diff \"${PODS_PODFILE_DIR_PATH}/Podfile.lock\" \"${PODS_ROOT}/Manifest.lock\" > /dev/null\nif [ $? != 0 ] ; then\n    # print error to STDERR\n    echo \"error: The sandbox is not in sync with the Podfile.lock. Run 'pod install' or update your CocoaPods installation.\" >&2\n    exit 1\nfi\n# This output is used by Xcode 'outputs' to avoid re-running this script phase.\necho \"SUCCESS\" > \"${SCRIPT_OUTPUT_FILE_0}\"\n";
			showEnvVarsInLog = 0;
		};
/* End PBXShellScriptBuildPhase section */

/* Begin PBXSourcesBuildPhase section */
		85365026213A359600C2BDD7 /* Sources */ = {
			isa = PBXSourcesBuildPhase;
			buildActionMask = 2147483647;
			files = (
				85365032213A359600C2BDD7 /* ViewController.m in Sources */,
				8536503D213A359800C2BDD7 /* main.m in Sources */,
				8536502F213A359600C2BDD7 /* AppDelegate.m in Sources */,
			);
			runOnlyForDeploymentPostprocessing = 0;
		};
		8536503E213A359900C2BDD7 /* Sources */ = {
			isa = PBXSourcesBuildPhase;
			buildActionMask = 2147483647;
			files = (
				85365047213A359900C2BDD7 /* TestTests.m in Sources */,
			);
			runOnlyForDeploymentPostprocessing = 0;
		};
		85365049213A359900C2BDD7 /* Sources */ = {
			isa = PBXSourcesBuildPhase;
			buildActionMask = 2147483647;
			files = (
				85365052213A359900C2BDD7 /* TestUITests.m in Sources */,
			);
			runOnlyForDeploymentPostprocessing = 0;
		};
/* End PBXSourcesBuildPhase section */

/* Begin PBXTargetDependency section */
		85365044213A359900C2BDD7 /* PBXTargetDependency */ = {
			isa = PBXTargetDependency;
			target = 85365029213A359600C2BDD7 /* Test */;
			targetProxy = 85365043213A359900C2BDD7 /* PBXContainerItemProxy */;
		};
		8536504F213A359900C2BDD7 /* PBXTargetDependency */ = {
			isa = PBXTargetDependency;
			target = 85365029213A359600C2BDD7 /* Test */;
			targetProxy = 8536504E213A359900C2BDD7 /* PBXContainerItemProxy */;
		};
/* End PBXTargetDependency section */

/* Begin PBXVariantGroup section */
		85365033213A359600C2BDD7 /* Main.storyboard */ = {
			isa = PBXVariantGroup;
			children = (
				85365034213A359600C2BDD7 /* Base */,
			);
			name = Main.storyboard;
			sourceTree = "<group>";
		};
		85365038213A359800C2BDD7 /* LaunchScreen.storyboard */ = {
			isa = PBXVariantGroup;
			children = (
				85365039213A359800C2BDD7 /* Base */,
			);
			name = LaunchScreen.storyboard;
			sourceTree = "<group>";
		};
/* End PBXVariantGroup section */

/* Begin XCBuildConfiguration section */
		85365054213A359900C2BDD7 /* Debug */ = {
			isa = XCBuildConfiguration;
			buildSettings = {
				ALWAYS_SEARCH_USER_PATHS = NO;
				CLANG_ANALYZER_NONNULL = YES;
				CLANG_ANALYZER_NUMBER_OBJECT_CONVERSION = YES_AGGRESSIVE;
				CLANG_CXX_LANGUAGE_STANDARD = "gnu++14";
				CLANG_CXX_LIBRARY = "libc++";
				CLANG_ENABLE_MODULES = YES;
				CLANG_ENABLE_OBJC_ARC = YES;
				CLANG_ENABLE_OBJC_WEAK = YES;
				CLANG_WARN_BLOCK_CAPTURE_AUTORELEASING = YES;
				CLANG_WARN_BOOL_CONVERSION = YES;
				CLANG_WARN_COMMA = YES;
				CLANG_WARN_CONSTANT_CONVERSION = YES;
				CLANG_WARN_DEPRECATED_OBJC_IMPLEMENTATIONS = YES;
				CLANG_WARN_DIRECT_OBJC_ISA_USAGE = YES_ERROR;
				CLANG_WARN_DOCUMENTATION_COMMENTS = YES;
				CLANG_WARN_EMPTY_BODY = YES;
				CLANG_WARN_ENUM_CONVERSION = YES;
				CLANG_WARN_INFINITE_RECURSION = YES;
				CLANG_WARN_INT_CONVERSION = YES;
				CLANG_WARN_NON_LITERAL_NULL_CONVERSION = YES;
				CLANG_WARN_OBJC_IMPLICIT_RETAIN_SELF = YES;
				CLANG_WARN_OBJC_LITERAL_CONVERSION = YES;
				CLANG_WARN_OBJC_ROOT_CLASS = YES_ERROR;
				CLANG_WARN_RANGE_LOOP_ANALYSIS = YES;
				CLANG_WARN_STRICT_PROTOTYPES = YES;
				CLANG_WARN_SUSPICIOUS_MOVE = YES;
				CLANG_WARN_UNGUARDED_AVAILABILITY = YES_AGGRESSIVE;
				CLANG_WARN_UNREACHABLE_CODE = YES;
				CLANG_WARN__DUPLICATE_METHOD_MATCH = YES;
				CODE_SIGN_IDENTITY = "iPhone Developer";
				COPY_PHASE_STRIP = NO;
				DEBUG_INFORMATION_FORMAT = dwarf;
				ENABLE_STRICT_OBJC_MSGSEND = YES;
				ENABLE_TESTABILITY = YES;
				GCC_C_LANGUAGE_STANDARD = gnu11;
				GCC_DYNAMIC_NO_PIC = NO;
				GCC_NO_COMMON_BLOCKS = YES;
				GCC_OPTIMIZATION_LEVEL = 0;
				GCC_PREPROCESSOR_DEFINITIONS = (
					"DEBUG=1",
					"$(inherited)",
				);
				GCC_WARN_64_TO_32_BIT_CONVERSION = YES;
				GCC_WARN_ABOUT_RETURN_TYPE = YES_ERROR;
				GCC_WARN_UNDECLARED_SELECTOR = YES;
				GCC_WARN_UNINITIALIZED_AUTOS = YES_AGGRESSIVE;
				GCC_WARN_UNUSED_FUNCTION = YES;
				GCC_WARN_UNUSED_VARIABLE = YES;
				IPHONEOS_DEPLOYMENT_TARGET = 8.0;
				MTL_ENABLE_DEBUG_INFO = YES;
				ONLY_ACTIVE_ARCH = YES;
				SDKROOT = iphoneos;
			};
			name = Debug;
		};
		85365055213A359900C2BDD7 /* Release */ = {
			isa = XCBuildConfiguration;
			buildSettings = {
				ALWAYS_SEARCH_USER_PATHS = NO;
				CLANG_ANALYZER_NONNULL = YES;
				CLANG_ANALYZER_NUMBER_OBJECT_CONVERSION = YES_AGGRESSIVE;
				CLANG_CXX_LANGUAGE_STANDARD = "gnu++14";
				CLANG_CXX_LIBRARY = "libc++";
				CLANG_ENABLE_MODULES = YES;
				CLANG_ENABLE_OBJC_ARC = YES;
				CLANG_ENABLE_OBJC_WEAK = YES;
				CLANG_WARN_BLOCK_CAPTURE_AUTORELEASING = YES;
				CLANG_WARN_BOOL_CONVERSION = YES;
				CLANG_WARN_COMMA = YES;
				CLANG_WARN_CONSTANT_CONVERSION = YES;
				CLANG_WARN_DEPRECATED_OBJC_IMPLEMENTATIONS = YES;
				CLANG_WARN_DIRECT_OBJC_ISA_USAGE = YES_ERROR;
				CLANG_WARN_DOCUMENTATION_COMMENTS = YES;
				CLANG_WARN_EMPTY_BODY = YES;
				CLANG_WARN_ENUM_CONVERSION = YES;
				CLANG_WARN_INFINITE_RECURSION = YES;
				CLANG_WARN_INT_CONVERSION = YES;
				CLANG_WARN_NON_LITERAL_NULL_CONVERSION = YES;
				CLANG_WARN_OBJC_IMPLICIT_RETAIN_SELF = YES;
				CLANG_WARN_OBJC_LITERAL_CONVERSION = YES;
				CLANG_WARN_OBJC_ROOT_CLASS = YES_ERROR;
				CLANG_WARN_RANGE_LOOP_ANALYSIS = YES;
				CLANG_WARN_STRICT_PROTOTYPES = YES;
				CLANG_WARN_SUSPICIOUS_MOVE = YES;
				CLANG_WARN_UNGUARDED_AVAILABILITY = YES_AGGRESSIVE;
				CLANG_WARN_UNREACHABLE_CODE = YES;
				CLANG_WARN__DUPLICATE_METHOD_MATCH = YES;
				CODE_SIGN_IDENTITY = "iPhone Developer";
				COPY_PHASE_STRIP = NO;
				DEBUG_INFORMATION_FORMAT = "dwarf-with-dsym";
				ENABLE_NS_ASSERTIONS = NO;
				ENABLE_STRICT_OBJC_MSGSEND = YES;
				GCC_C_LANGUAGE_STANDARD = gnu11;
				GCC_NO_COMMON_BLOCKS = YES;
				GCC_WARN_64_TO_32_BIT_CONVERSION = YES;
				GCC_WARN_ABOUT_RETURN_TYPE = YES_ERROR;
				GCC_WARN_UNDECLARED_SELECTOR = YES;
				GCC_WARN_UNINITIALIZED_AUTOS = YES_AGGRESSIVE;
				GCC_WARN_UNUSED_FUNCTION = YES;
				GCC_WARN_UNUSED_VARIABLE = YES;
				IPHONEOS_DEPLOYMENT_TARGET = 8.0;
				MTL_ENABLE_DEBUG_INFO = NO;
				SDKROOT = iphoneos;
				VALIDATE_PRODUCT = YES;
			};
			name = Release;
		};
		85365057213A359900C2BDD7 /* Debug */ = {
			isa = XCBuildConfiguration;
			baseConfigurationReference = AA495DE6552836EBB5EDD75A /* Pods-Test.debug.xcconfig */;
			buildSettings = {
				ASSETCATALOG_COMPILER_APPICON_NAME = AppIcon;
				CODE_SIGN_STYLE = Manual;
				DEVELOPMENT_TEAM = 4752E9LH5Y;
				INFOPLIST_FILE = Test/Info.plist;
				LD_RUNPATH_SEARCH_PATHS = (
					"$(inherited)",
					"@executable_path/Frameworks",
				);
				PRODUCT_BUNDLE_IDENTIFIER = com.wushiyinbox.Test;
				PRODUCT_NAME = "$(TARGET_NAME)";
				PROVISIONING_PROFILE = "53fcf9fd-d15c-4886-a7d7-d464dbf2d9b8";
				PROVISIONING_PROFILE_SPECIFIER = Test;
				TARGETED_DEVICE_FAMILY = 1;
			};
			name = Debug;
		};
		85365058213A359900C2BDD7 /* Release */ = {
			isa = XCBuildConfiguration;
			baseConfigurationReference = C1B2193A666C89BA18D283B8 /* Pods-Test.release.xcconfig */;
			buildSettings = {
				ASSETCATALOG_COMPILER_APPICON_NAME = AppIcon;
				CODE_SIGN_STYLE = Manual;
				DEVELOPMENT_TEAM = 4752E9LH5Y;
				INFOPLIST_FILE = Test/Info.plist;
				LD_RUNPATH_SEARCH_PATHS = (
					"$(inherited)",
					"@executable_path/Frameworks",
				);
				PRODUCT_BUNDLE_IDENTIFIER = com.wushiyinbox.Test;
				PRODUCT_NAME = "$(TARGET_NAME)";
				PROVISIONING_PROFILE = "53fcf9fd-d15c-4886-a7d7-d464dbf2d9b8";
				PROVISIONING_PROFILE_SPECIFIER = Test;
				TARGETED_DEVICE_FAMILY = 1;
			};
			name = Release;
		};
		8536505A213A359900C2BDD7 /* Debug */ = {
			isa = XCBuildConfiguration;
			baseConfigurationReference = 6D20ABDB8FAA345C2C0C1A2E /* Pods-TestTests.debug.xcconfig */;
			buildSettings = {
				BUNDLE_LOADER = "$(TEST_HOST)";
				CODE_SIGN_STYLE = Automatic;
				INFOPLIST_FILE = TestTests/Info.plist;
				LD_RUNPATH_SEARCH_PATHS = (
					"$(inherited)",
					"@executable_path/Frameworks",
					"@loader_path/Frameworks",
				);
				PRODUCT_BUNDLE_IDENTIFIER = com.wushiyinbox.TestTests;
				PRODUCT_NAME = "$(TARGET_NAME)";
				TARGETED_DEVICE_FAMILY = "1,2";
				TEST_HOST = "$(BUILT_PRODUCTS_DIR)/Test.app/Test";
			};
			name = Debug;
		};
		8536505B213A359900C2BDD7 /* Release */ = {
			isa = XCBuildConfiguration;
			baseConfigurationReference = 066F222D9995C8292DAF67B2 /* Pods-TestTests.release.xcconfig */;
			buildSettings = {
				BUNDLE_LOADER = "$(TEST_HOST)";
				CODE_SIGN_STYLE = Automatic;
				INFOPLIST_FILE = TestTests/Info.plist;
				LD_RUNPATH_SEARCH_PATHS = (
					"$(inherited)",
					"@executable_path/Frameworks",
					"@loader_path/Frameworks",
				);
				PRODUCT_BUNDLE_IDENTIFIER = com.wushiyinbox.TestTests;
				PRODUCT_NAME = "$(TARGET_NAME)";
				TARGETED_DEVICE_FAMILY = "1,2";
				TEST_HOST = "$(BUILT_PRODUCTS_DIR)/Test.app/Test";
			};
			name = Release;
		};
		8536505D213A359900C2BDD7 /* Debug */ = {
			isa = XCBuildConfiguration;
			baseConfigurationReference = 7676B3E752F8E05540FC9594 /* Pods-TestUITests.debug.xcconfig */;
			buildSettings = {
				CODE_SIGN_STYLE = Automatic;
				INFOPLIST_FILE = TestUITests/Info.plist;
				LD_RUNPATH_SEARCH_PATHS = (
					"$(inherited)",
					"@executable_path/Frameworks",
					"@loader_path/Frameworks",
				);
				PRODUCT_BUNDLE_IDENTIFIER = com.wushiyinbox.TestUITests;
				PRODUCT_NAME = "$(TARGET_NAME)";
				TARGETED_DEVICE_FAMILY = "1,2";
				TEST_TARGET_NAME = Test;
			};
			name = Debug;
		};
		8536505E213A359900C2BDD7 /* Release */ = {
			isa = XCBuildConfiguration;
			baseConfigurationReference = 2C2D7B1A67551D1CE88F5BA5 /* Pods-TestUITests.release.xcconfig */;
			buildSettings = {
				CODE_SIGN_STYLE = Automatic;
				INFOPLIST_FILE = TestUITests/Info.plist;
				LD_RUNPATH_SEARCH_PATHS = (
					"$(inherited)",
					"@executable_path/Frameworks",
					"@loader_path/Frameworks",
				);
				PRODUCT_BUNDLE_IDENTIFIER = com.wushiyinbox.TestUITests;
				PRODUCT_NAME = "$(TARGET_NAME)";
				TARGETED_DEVICE_FAMILY = "1,2";
				TEST_TARGET_NAME = Test;
			};
			name = Release;
		};
/* End XCBuildConfiguration section */

/* Begin XCConfigurationList section */
		85365025213A359600C2BDD7 /* Build configuration list for PBXProject "Test" */ = {
			isa = XCConfigurationList;
			buildConfigurations = (
				85365054213A359900C2BDD7 /* Debug */,
				85365055213A359900C2BDD7 /* Release */,
			);
			defaultConfigurationIsVisible = 0;
			defaultConfigurationName = Release;
		};
		85365056213A359900C2BDD7 /* Build configuration list for PBXNativeTarget "Test" */ = {
			isa = XCConfigurationList;
			buildConfigurations = (
				85365057213A359900C2BDD7 /* Debug */,
				85365058213A359900C2BDD7 /* Release */,
			);
			defaultConfigurationIsVisible = 0;
			defaultConfigurationName = Release;
		};
		85365059213A359900C2BDD7 /* Build configuration list for PBXNativeTarget "TestTests" */ = {
			isa = XCConfigurationList;
			buildConfigurations = (
				8536505A213A359900C2BDD7 /* Debug */,
				8536505B213A359900C2BDD7 /* Release */,
			);
			defaultConfigurationIsVisible = 0;
			defaultConfigurationName = Release;
		};
		8536505C213A359900C2BDD7 /* Build configuration list for PBXNativeTarget "TestUITests" */ = {
			isa = XCConfigurationList;
			buildConfigurations = (
				8536505D213A359900C2BDD7 /* Debug */,
				8536505E213A359900C2BDD7 /* Release */,
			);
			defaultConfigurationIsVisible = 0;
			defaultConfigurationName = Release;
		};
/* End XCConfigurationList section */
	};
	rootObject = 85365022213A359600C2BDD7 /* Project object */;
}
